
Microsoft Visual Studio Solution File, Format Version 12.00
# Visual Studio Version 17
VisualStudioVersion = 17.5.33516.290
MinimumVisualStudioVersion = 10.0.40219.1
Project("{FAE04EC0-301F-11D3-BF4B-00C04F79EFBC}") = "MiniProyecto01", "MiniProyecto01\MiniProyecto01.csproj", "{057A5C79-D22C-4292-9FB2-ED4405C5DA3A}"
EndProject
Global
	GlobalSection(SolutionConfigurationPlatforms) = preSolution
		Debug|Any CPU = Debug|Any CPU
		Release|Any CPU = Release|Any CPU
	EndGlobalSection
	GlobalSection(ProjectConfigurationPlatforms) = postSolution
		{057A5C79-D22C-4292-9FB2-ED4405C5DA3A}.Debug|Any CPU.ActiveCfg = Debug|Any CPU
		{057A5C79-D22C-4292-9FB2-ED4405C5DA3A}.Debug|Any CPU.Build.0 = Debug|Any CPU
		{057A5C79-D22C-4292-9FB2-ED4405C5DA3A}.Release|Any CPU.ActiveCfg = Release|Any CPU
		{057A5C79-D22C-4292-9FB2-ED4405C5DA3A}.Release|Any CPU.Build.0 = Release|Any CPU
	EndGlobalSection
	GlobalSection(SolutionProperties) = preSolution
		HideSolutionNode = FALSE
	EndGlobalSection
	GlobalSection(ExtensibilityGlobals) = postSolution
		SolutionGuid = {B9D3C3EE-746C-4D9A-B245-D8BAA5616CB0}
	EndGlobalSection
EndGlobal
